// !$*UTF8*$!
{
	archiveVersion = 1;
	classes = {
	};
	objectVersion = 50;
	objects = {

/* Begin PBXBuildFile section */
		96049F5C223055C800BF4B0B /* AppDelegate.m in Sources */ = {isa = PBXBuildFile; fileRef = 96049F5B223055C800BF4B0B /* AppDelegate.m */; };
		96049F5F223055C800BF4B0B /* ViewController.m in Sources */ = {isa = PBXBuildFile; fileRef = 96049F5E223055C800BF4B0B /* ViewController.m */; };
		96049F62223055C800BF4B0B /* Main.storyboard in Resources */ = {isa = PBXBuildFile; fileRef = 96049F60223055C800BF4B0B /* Main.storyboard */; };
		96049F64223055CF00BF4B0B /* Assets.xcassets in Resources */ = {isa = PBXBuildFile; fileRef = 96049F63223055CF00BF4B0B /* Assets.xcassets */; };
		96049F67223055D000BF4B0B /* LaunchScreen.storyboard in Resources */ = {isa = PBXBuildFile; fileRef = 96049F65223055D000BF4B0B /* LaunchScreen.storyboard */; };
		96049F6A223055D000BF4B0B /* main.m in Sources */ = {isa = PBXBuildFile; fileRef = 96049F69223055D000BF4B0B /* main.m */; };
		96049F762230589C00BF4B0B /* maze.cpp in Sources */ = {isa = PBXBuildFile; fileRef = 96049F742230589C00BF4B0B /* maze.cpp */; };
		96049F772230589C00BF4B0B /* DisjointSet.cpp in Sources */ = {isa = PBXBuildFile; fileRef = 96049F752230589C00BF4B0B /* DisjointSet.cpp */; };
		9649A78222347F5D00E9CF7B /* mazeProcessor.mm in Sources */ = {isa = PBXBuildFile; fileRef = 9649A78122347F5D00E9CF7B /* mazeProcessor.mm */; };
		9649A7842234A71400E9CF7B /* Vertex.glsl in Sources */ = {isa = PBXBuildFile; fileRef = 9649A7832234A71400E9CF7B /* Vertex.glsl */; };
		9649A7862234A77200E9CF7B /* Fragment.glsl in Sources */ = {isa = PBXBuildFile; fileRef = 9649A7852234A77200E9CF7B /* Fragment.glsl */; };
		9649A7922234B1FC00E9CF7B /* Node.m in Sources */ = {isa = PBXBuildFile; fileRef = 9649A7912234B1FC00E9CF7B /* Node.m */; };
		9649A7962234B66200E9CF7B /* Director.m in Sources */ = {isa = PBXBuildFile; fileRef = 9649A7952234B66200E9CF7B /* Director.m */; };
		9649A7992234B68800E9CF7B /* GameScene.m in Sources */ = {isa = PBXBuildFile; fileRef = 9649A7982234B68800E9CF7B /* GameScene.m */; };
		9649A79C2234C07500E9CF7B /* Floor.m in Sources */ = {isa = PBXBuildFile; fileRef = 9649A79B2234C07500E9CF7B /* Floor.m */; };
		9649A79F2234C48200E9CF7B /* Floor.jpg in Resources */ = {isa = PBXBuildFile; fileRef = 9649A79E2234C48200E9CF7B /* Floor.jpg */; };
		9649A7A22234E9AB00E9CF7B /* WestWall.m in Sources */ = {isa = PBXBuildFile; fileRef = 9649A7A12234E9AB00E9CF7B /* WestWall.m */; };
		9649A7A42234EB2300E9CF7B /* WestWall.jpg in Resources */ = {isa = PBXBuildFile; fileRef = 9649A7A32234EB2300E9CF7B /* WestWall.jpg */; };
		9649A7A72234F07200E9CF7B /* EastWall.m in Sources */ = {isa = PBXBuildFile; fileRef = 9649A7A62234F07200E9CF7B /* EastWall.m */; };
		9649A7A92234F4EE00E9CF7B /* EastWall.jpg in Resources */ = {isa = PBXBuildFile; fileRef = 9649A7A82234F4EE00E9CF7B /* EastWall.jpg */; };
		9649A7AC2234F58C00E9CF7B /* SouthWall.jpg in Resources */ = {isa = PBXBuildFile; fileRef = 9649A7AA2234F58C00E9CF7B /* SouthWall.jpg */; };
		9649A7AD2234F58C00E9CF7B /* NorthWall.jpg in Resources */ = {isa = PBXBuildFile; fileRef = 9649A7AB2234F58C00E9CF7B /* NorthWall.jpg */; };
		9649A7B02234F5D400E9CF7B /* NorthWall.m in Sources */ = {isa = PBXBuildFile; fileRef = 9649A7AF2234F5D400E9CF7B /* NorthWall.m */; };
		9649A7B32234FA9D00E9CF7B /* SouthWall.m in Sources */ = {isa = PBXBuildFile; fileRef = 9649A7B22234FA9D00E9CF7B /* SouthWall.m */; };
/* End PBXBuildFile section */

/* Begin PBXFileReference section */
		96049F57223055C700BF4B0B /* asn2-maze.app */ = {isa = PBXFileReference; explicitFileType = wrapper.application; includeInIndex = 0; path = "asn2-maze.app"; sourceTree = BUILT_PRODUCTS_DIR; };
		96049F5A223055C800BF4B0B /* AppDelegate.h */ = {isa = PBXFileReference; lastKnownFileType = sourcecode.c.h; path = AppDelegate.h; sourceTree = "<group>"; };
		96049F5B223055C800BF4B0B /* AppDelegate.m */ = {isa = PBXFileReference; lastKnownFileType = sourcecode.c.objc; path = AppDelegate.m; sourceTree = "<group>"; };
		96049F5D223055C800BF4B0B /* ViewController.h */ = {isa = PBXFileReference; lastKnownFileType = sourcecode.c.h; path = ViewController.h; sourceTree = "<group>"; };
		96049F5E223055C800BF4B0B /* ViewController.m */ = {isa = PBXFileReference; lastKnownFileType = sourcecode.c.objc; path = ViewController.m; sourceTree = "<group>"; };
		96049F61223055C800BF4B0B /* Base */ = {isa = PBXFileReference; lastKnownFileType = file.storyboard; name = Base; path = Base.lproj/Main.storyboard; sourceTree = "<group>"; };
		96049F63223055CF00BF4B0B /* Assets.xcassets */ = {isa = PBXFileReference; lastKnownFileType = folder.assetcatalog; path = Assets.xcassets; sourceTree = "<group>"; };
		96049F66223055D000BF4B0B /* Base */ = {isa = PBXFileReference; lastKnownFileType = file.storyboard; name = Base; path = Base.lproj/LaunchScreen.storyboard; sourceTree = "<group>"; };
		96049F68223055D000BF4B0B /* Info.plist */ = {isa = PBXFileReference; lastKnownFileType = text.plist.xml; path = Info.plist; sourceTree = "<group>"; };
		96049F69223055D000BF4B0B /* main.m */ = {isa = PBXFileReference; lastKnownFileType = sourcecode.c.objc; path = main.m; sourceTree = "<group>"; };
		96049F722230589B00BF4B0B /* maze.h */ = {isa = PBXFileReference; fileEncoding = 4; lastKnownFileType = sourcecode.c.h; path = maze.h; sourceTree = "<group>"; };
		96049F732230589C00BF4B0B /* DisjointSet.h */ = {isa = PBXFileReference; fileEncoding = 4; lastKnownFileType = sourcecode.c.h; path = DisjointSet.h; sourceTree = "<group>"; };
		96049F742230589C00BF4B0B /* maze.cpp */ = {isa = PBXFileReference; fileEncoding = 4; lastKnownFileType = sourcecode.cpp.cpp; path = maze.cpp; sourceTree = "<group>"; };
		96049F752230589C00BF4B0B /* DisjointSet.cpp */ = {isa = PBXFileReference; fileEncoding = 4; lastKnownFileType = sourcecode.cpp.cpp; path = DisjointSet.cpp; sourceTree = "<group>"; };
		9649A78022347F5D00E9CF7B /* mazeProcessor.h */ = {isa = PBXFileReference; lastKnownFileType = sourcecode.c.h; path = mazeProcessor.h; sourceTree = "<group>"; };
		9649A78122347F5D00E9CF7B /* mazeProcessor.mm */ = {isa = PBXFileReference; lastKnownFileType = sourcecode.cpp.objcpp; path = mazeProcessor.mm; sourceTree = "<group>"; };
		9649A7832234A71400E9CF7B /* Vertex.glsl */ = {isa = PBXFileReference; lastKnownFileType = text; path = Vertex.glsl; sourceTree = "<group>"; };
		9649A7852234A77200E9CF7B /* Fragment.glsl */ = {isa = PBXFileReference; lastKnownFileType = text; path = Fragment.glsl; sourceTree = "<group>"; };
		9649A7872234A90300E9CF7B /* Vertex.h */ = {isa = PBXFileReference; lastKnownFileType = sourcecode.c.h; path = Vertex.h; sourceTree = "<group>"; };
		9649A7902234B1FC00E9CF7B /* Node.h */ = {isa = PBXFileReference; lastKnownFileType = sourcecode.c.h; path = Node.h; sourceTree = "<group>"; };
		9649A7912234B1FC00E9CF7B /* Node.m */ = {isa = PBXFileReference; lastKnownFileType = sourcecode.c.objc; path = Node.m; sourceTree = "<group>"; };
		9649A7942234B66200E9CF7B /* Director.h */ = {isa = PBXFileReference; lastKnownFileType = sourcecode.c.h; path = Director.h; sourceTree = "<group>"; };
		9649A7952234B66200E9CF7B /* Director.m */ = {isa = PBXFileReference; lastKnownFileType = sourcecode.c.objc; path = Director.m; sourceTree = "<group>"; };
		9649A7972234B68800E9CF7B /* GameScene.h */ = {isa = PBXFileReference; lastKnownFileType = sourcecode.c.h; path = GameScene.h; sourceTree = "<group>"; };
		9649A7982234B68800E9CF7B /* GameScene.m */ = {isa = PBXFileReference; lastKnownFileType = sourcecode.c.objc; path = GameScene.m; sourceTree = "<group>"; };
		9649A79A2234C07500E9CF7B /* Floor.h */ = {isa = PBXFileReference; lastKnownFileType = sourcecode.c.h; path = Floor.h; sourceTree = "<group>"; };
		9649A79B2234C07500E9CF7B /* Floor.m */ = {isa = PBXFileReference; lastKnownFileType = sourcecode.c.objc; path = Floor.m; sourceTree = "<group>"; };
		9649A79E2234C48200E9CF7B /* Floor.jpg */ = {isa = PBXFileReference; lastKnownFileType = image.jpeg; path = Floor.jpg; sourceTree = "<group>"; };
		9649A7A02234E9AB00E9CF7B /* WestWall.h */ = {isa = PBXFileReference; lastKnownFileType = sourcecode.c.h; path = WestWall.h; sourceTree = "<group>"; };
		9649A7A12234E9AB00E9CF7B /* WestWall.m */ = {isa = PBXFileReference; lastKnownFileType = sourcecode.c.objc; path = WestWall.m; sourceTree = "<group>"; };
		9649A7A32234EB2300E9CF7B /* WestWall.jpg */ = {isa = PBXFileReference; lastKnownFileType = image.jpeg; path = WestWall.jpg; sourceTree = "<group>"; };
		9649A7A52234F07200E9CF7B /* EastWall.h */ = {isa = PBXFileReference; lastKnownFileType = sourcecode.c.h; path = EastWall.h; sourceTree = "<group>"; };
		9649A7A62234F07200E9CF7B /* EastWall.m */ = {isa = PBXFileReference; lastKnownFileType = sourcecode.c.objc; path = EastWall.m; sourceTree = "<group>"; };
		9649A7A82234F4EE00E9CF7B /* EastWall.jpg */ = {isa = PBXFileReference; lastKnownFileType = image.jpeg; path = EastWall.jpg; sourceTree = "<group>"; };
		9649A7AA2234F58C00E9CF7B /* SouthWall.jpg */ = {isa = PBXFileReference; lastKnownFileType = image.jpeg; path = SouthWall.jpg; sourceTree = "<group>"; };
		9649A7AB2234F58C00E9CF7B /* NorthWall.jpg */ = {isa = PBXFileReference; lastKnownFileType = image.jpeg; path = NorthWall.jpg; sourceTree = "<group>"; };
		9649A7AE2234F5D400E9CF7B /* NorthWall.h */ = {isa = PBXFileReference; lastKnownFileType = sourcecode.c.h; path = NorthWall.h; sourceTree = "<group>"; };
		9649A7AF2234F5D400E9CF7B /* NorthWall.m */ = {isa = PBXFileReference; lastKnownFileType = sourcecode.c.objc; path = NorthWall.m; sourceTree = "<group>"; };
		9649A7B12234FA9D00E9CF7B /* SouthWall.h */ = {isa = PBXFileReference; lastKnownFileType = sourcecode.c.h; path = SouthWall.h; sourceTree = "<group>"; };
		9649A7B22234FA9D00E9CF7B /* SouthWall.m */ = {isa = PBXFileReference; lastKnownFileType = sourcecode.c.objc; path = SouthWall.m; sourceTree = "<group>"; };
/* End PBXFileReference section */

/* Begin PBXFrameworksBuildPhase section */
		96049F54223055C700BF4B0B /* Frameworks */ = {
			isa = PBXFrameworksBuildPhase;
			buildActionMask = 2147483647;
			files = (
			);
			runOnlyForDeploymentPostprocessing = 0;
		};
/* End PBXFrameworksBuildPhase section */

/* Begin PBXGroup section */
		96049F4E223055C700BF4B0B = {
			isa = PBXGroup;
			children = (
				96049F59223055C700BF4B0B /* asn2-maze */,
				96049F58223055C700BF4B0B /* Products */,
			);
			sourceTree = "<group>";
		};
		96049F58223055C700BF4B0B /* Products */ = {
			isa = PBXGroup;
			children = (
				96049F57223055C700BF4B0B /* asn2-maze.app */,
			);
			name = Products;
			sourceTree = "<group>";
		};
		96049F59223055C700BF4B0B /* asn2-maze */ = {
			isa = PBXGroup;
			children = (
				9649A79D2234C46E00E9CF7B /* Textures */,
				9649A7932234B63800E9CF7B /* Scenes */,
				9649A78F2234B1D600E9CF7B /* Nodes */,
				9649A7882234A96C00E9CF7B /* Shaders */,
				96049F712230588F00BF4B0B /* Maze Generation */,
				96049F702230586100BF4B0B /* main */,
				96049F60223055C800BF4B0B /* Main.storyboard */,
				96049F63223055CF00BF4B0B /* Assets.xcassets */,
				96049F65223055D000BF4B0B /* LaunchScreen.storyboard */,
				96049F68223055D000BF4B0B /* Info.plist */,
			);
			path = "asn2-maze";
			sourceTree = "<group>";
		};
		96049F702230586100BF4B0B /* main */ = {
			isa = PBXGroup;
			children = (
				96049F5A223055C800BF4B0B /* AppDelegate.h */,
				96049F5B223055C800BF4B0B /* AppDelegate.m */,
				96049F5D223055C800BF4B0B /* ViewController.h */,
				96049F5E223055C800BF4B0B /* ViewController.m */,
				96049F69223055D000BF4B0B /* main.m */,
			);
			path = main;
			sourceTree = "<group>";
		};
		96049F712230588F00BF4B0B /* Maze Generation */ = {
			isa = PBXGroup;
			children = (
				96049F752230589C00BF4B0B /* DisjointSet.cpp */,
				96049F732230589C00BF4B0B /* DisjointSet.h */,
				96049F742230589C00BF4B0B /* maze.cpp */,
				96049F722230589B00BF4B0B /* maze.h */,
				9649A78022347F5D00E9CF7B /* mazeProcessor.h */,
				9649A78122347F5D00E9CF7B /* mazeProcessor.mm */,
			);
			path = "Maze Generation";
			sourceTree = "<group>";
		};
		9649A7882234A96C00E9CF7B /* Shaders */ = {
			isa = PBXGroup;
			children = (
				9649A7832234A71400E9CF7B /* Vertex.glsl */,
				9649A7852234A77200E9CF7B /* Fragment.glsl */,
				9649A7872234A90300E9CF7B /* Vertex.h */,
			);
			path = Shaders;
			sourceTree = "<group>";
		};
		9649A78F2234B1D600E9CF7B /* Nodes */ = {
			isa = PBXGroup;
			children = (
				9649A7902234B1FC00E9CF7B /* Node.h */,
				9649A7912234B1FC00E9CF7B /* Node.m */,
				9649A79A2234C07500E9CF7B /* Floor.h */,
				9649A79B2234C07500E9CF7B /* Floor.m */,
				9649A7A02234E9AB00E9CF7B /* WestWall.h */,
				9649A7A12234E9AB00E9CF7B /* WestWall.m */,
				9649A7A52234F07200E9CF7B /* EastWall.h */,
				9649A7A62234F07200E9CF7B /* EastWall.m */,
				9649A7AE2234F5D400E9CF7B /* NorthWall.h */,
				9649A7AF2234F5D400E9CF7B /* NorthWall.m */,
				9649A7B12234FA9D00E9CF7B /* SouthWall.h */,
				9649A7B22234FA9D00E9CF7B /* SouthWall.m */,
			);
			path = Nodes;
			sourceTree = "<group>";
		};
		9649A7932234B63800E9CF7B /* Scenes */ = {
			isa = PBXGroup;
			children = (
				9649A7942234B66200E9CF7B /* Director.h */,
				9649A7952234B66200E9CF7B /* Director.m */,
				9649A7972234B68800E9CF7B /* GameScene.h */,
				9649A7982234B68800E9CF7B /* GameScene.m */,
			);
			path = Scenes;
			sourceTree = "<group>";
		};
		9649A79D2234C46E00E9CF7B /* Textures */ = {
			isa = PBXGroup;
			children = (
				9649A7A32234EB2300E9CF7B /* WestWall.jpg */,
				9649A7AB2234F58C00E9CF7B /* NorthWall.jpg */,
				9649A7AA2234F58C00E9CF7B /* SouthWall.jpg */,
				9649A7A82234F4EE00E9CF7B /* EastWall.jpg */,
				9649A79E2234C48200E9CF7B /* Floor.jpg */,
			);
			path = Textures;
			sourceTree = "<group>";
		};
/* End PBXGroup section */

/* Begin PBXNativeTarget section */
		96049F56223055C700BF4B0B /* asn2-maze */ = {
			isa = PBXNativeTarget;
			buildConfigurationList = 96049F6D223055D000BF4B0B /* Build configuration list for PBXNativeTarget "asn2-maze" */;
			buildPhases = (
				96049F53223055C700BF4B0B /* Sources */,
				96049F54223055C700BF4B0B /* Frameworks */,
				96049F55223055C700BF4B0B /* Resources */,
			);
			buildRules = (
			);
			dependencies = (
			);
			name = "asn2-maze";
			productName = "asn2-maze";
			productReference = 96049F57223055C700BF4B0B /* asn2-maze.app */;
			productType = "com.apple.product-type.application";
		};
/* End PBXNativeTarget section */

/* Begin PBXProject section */
		96049F4F223055C700BF4B0B /* Project object */ = {
			isa = PBXProject;
			attributes = {
				LastUpgradeCheck = 1010;
				ORGANIZATIONNAME = "Jason Sekhon";
				TargetAttributes = {
					96049F56223055C700BF4B0B = {
						CreatedOnToolsVersion = 10.1;
					};
				};
			};
			buildConfigurationList = 96049F52223055C700BF4B0B /* Build configuration list for PBXProject "asn2-maze" */;
			compatibilityVersion = "Xcode 9.3";
			developmentRegion = en;
			hasScannedForEncodings = 0;
			knownRegions = (
				en,
				Base,
			);
			mainGroup = 96049F4E223055C700BF4B0B;
			productRefGroup = 96049F58223055C700BF4B0B /* Products */;
			projectDirPath = "";
			projectRoot = "";
			targets = (
				96049F56223055C700BF4B0B /* asn2-maze */,
			);
		};
/* End PBXProject section */

/* Begin PBXResourcesBuildPhase section */
		96049F55223055C700BF4B0B /* Resources */ = {
			isa = PBXResourcesBuildPhase;
			buildActionMask = 2147483647;
			files = (
				9649A7A92234F4EE00E9CF7B /* EastWall.jpg in Resources */,
				96049F67223055D000BF4B0B /* LaunchScreen.storyboard in Resources */,
				96049F64223055CF00BF4B0B /* Assets.xcassets in Resources */,
				9649A79F2234C48200E9CF7B /* Floor.jpg in Resources */,
				9649A7AC2234F58C00E9CF7B /* SouthWall.jpg in Resources */,
				96049F62223055C800BF4B0B /* Main.storyboard in Resources */,
				9649A7A42234EB2300E9CF7B /* WestWall.jpg in Resources */,
				9649A7AD2234F58C00E9CF7B /* NorthWall.jpg in Resources */,
			);
			runOnlyForDeploymentPostprocessing = 0;
		};
/* End PBXResourcesBuildPhase section */

/* Begin PBXSourcesBuildPhase section */
		96049F53223055C700BF4B0B /* Sources */ = {
			isa = PBXSourcesBuildPhase;
			buildActionMask = 2147483647;
			files = (
				9649A7B02234F5D400E9CF7B /* NorthWall.m in Sources */,
				9649A79C2234C07500E9CF7B /* Floor.m in Sources */,
				9649A7842234A71400E9CF7B /* Vertex.glsl in Sources */,
				9649A7962234B66200E9CF7B /* Director.m in Sources */,
				96049F5F223055C800BF4B0B /* ViewController.m in Sources */,
				96049F6A223055D000BF4B0B /* main.m in Sources */,
				9649A7992234B68800E9CF7B /* GameScene.m in Sources */,
				96049F762230589C00BF4B0B /* maze.cpp in Sources */,
				96049F5C223055C800BF4B0B /* AppDelegate.m in Sources */,
				9649A7B32234FA9D00E9CF7B /* SouthWall.m in Sources */,
				9649A7A72234F07200E9CF7B /* EastWall.m in Sources */,
				9649A7A22234E9AB00E9CF7B /* WestWall.m in Sources */,
				9649A7922234B1FC00E9CF7B /* Node.m in Sources */,
				96049F772230589C00BF4B0B /* DisjointSet.cpp in Sources */,
				9649A78222347F5D00E9CF7B /* mazeProcessor.mm in Sources */,
				9649A7862234A77200E9CF7B /* Fragment.glsl in Sources */,
			);
			runOnlyForDeploymentPostprocessing = 0;
		};
/* End PBXSourcesBuildPhase section */

/* Begin PBXVariantGroup section */
		96049F60223055C800BF4B0B /* Main.storyboard */ = {
			isa = PBXVariantGroup;
			children = (
				96049F61223055C800BF4B0B /* Base */,
			);
			name = Main.storyboard;
			sourceTree = "<group>";
		};
		96049F65223055D000BF4B0B /* LaunchScreen.storyboard */ = {
			isa = PBXVariantGroup;
			children = (
				96049F66223055D000BF4B0B /* Base */,
			);
			name = LaunchScreen.storyboard;
			sourceTree = "<group>";
		};
/* End PBXVariantGroup section */

/* Begin XCBuildConfiguration section */
		96049F6B223055D000BF4B0B /* Debug */ = {
			isa = XCBuildConfiguration;
			buildSettings = {
				ALWAYS_SEARCH_USER_PATHS = NO;
				CLANG_ANALYZER_NONNULL = YES;
				CLANG_ANALYZER_NUMBER_OBJECT_CONVERSION = YES_AGGRESSIVE;
				CLANG_CXX_LANGUAGE_STANDARD = "gnu++14";
				CLANG_CXX_LIBRARY = "libc++";
				CLANG_ENABLE_MODULES = YES;
				CLANG_ENABLE_OBJC_ARC = YES;
				CLANG_ENABLE_OBJC_WEAK = YES;
				CLANG_WARN_BLOCK_CAPTURE_AUTORELEASING = YES;
				CLANG_WARN_BOOL_CONVERSION = YES;
				CLANG_WARN_COMMA = YES;
				CLANG_WARN_CONSTANT_CONVERSION = YES;
				CLANG_WARN_DEPRECATED_OBJC_IMPLEMENTATIONS = YES;
				CLANG_WARN_DIRECT_OBJC_ISA_USAGE = YES_ERROR;
				CLANG_WARN_DOCUMENTATION_COMMENTS = YES;
				CLANG_WARN_EMPTY_BODY = YES;
				CLANG_WARN_ENUM_CONVERSION = YES;
				CLANG_WARN_INFINITE_RECURSION = YES;
				CLANG_WARN_INT_CONVERSION = YES;
				CLANG_WARN_NON_LITERAL_NULL_CONVERSION = YES;
				CLANG_WARN_OBJC_IMPLICIT_RETAIN_SELF = YES;
				CLANG_WARN_OBJC_LITERAL_CONVERSION = YES;
				CLANG_WARN_OBJC_ROOT_CLASS = YES_ERROR;
				CLANG_WARN_RANGE_LOOP_ANALYSIS = YES;
				CLANG_WARN_STRICT_PROTOTYPES = YES;
				CLANG_WARN_SUSPICIOUS_MOVE = YES;
				CLANG_WARN_UNGUARDED_AVAILABILITY = YES_AGGRESSIVE;
				CLANG_WARN_UNREACHABLE_CODE = YES;
				CLANG_WARN__DUPLICATE_METHOD_MATCH = YES;
				CODE_SIGN_IDENTITY = "iPhone Developer";
				COPY_PHASE_STRIP = NO;
				DEBUG_INFORMATION_FORMAT = dwarf;
				ENABLE_STRICT_OBJC_MSGSEND = YES;
				ENABLE_TESTABILITY = YES;
				GCC_C_LANGUAGE_STANDARD = gnu11;
				GCC_DYNAMIC_NO_PIC = NO;
				GCC_NO_COMMON_BLOCKS = YES;
				GCC_OPTIMIZATION_LEVEL = 0;
				GCC_PREPROCESSOR_DEFINITIONS = (
					"DEBUG=1",
					"$(inherited)",
				);
				GCC_WARN_64_TO_32_BIT_CONVERSION = YES;
				GCC_WARN_ABOUT_RETURN_TYPE = YES_ERROR;
				GCC_WARN_UNDECLARED_SELECTOR = YES;
				GCC_WARN_UNINITIALIZED_AUTOS = YES_AGGRESSIVE;
				GCC_WARN_UNUSED_FUNCTION = YES;
				GCC_WARN_UNUSED_VARIABLE = YES;
				IPHONEOS_DEPLOYMENT_TARGET = 12.1;
				MTL_ENABLE_DEBUG_INFO = INCLUDE_SOURCE;
				MTL_FAST_MATH = YES;
				ONLY_ACTIVE_ARCH = YES;
				SDKROOT = iphoneos;
			};
			name = Debug;
		};
		96049F6C223055D000BF4B0B /* Release */ = {
			isa = XCBuildConfiguration;
			buildSettings = {
				ALWAYS_SEARCH_USER_PATHS = NO;
				CLANG_ANALYZER_NONNULL = YES;
				CLANG_ANALYZER_NUMBER_OBJECT_CONVERSION = YES_AGGRESSIVE;
				CLANG_CXX_LANGUAGE_STANDARD = "gnu++14";
				CLANG_CXX_LIBRARY = "libc++";
				CLANG_ENABLE_MODULES = YES;
				CLANG_ENABLE_OBJC_ARC = YES;
				CLANG_ENABLE_OBJC_WEAK = YES;
				CLANG_WARN_BLOCK_CAPTURE_AUTORELEASING = YES;
				CLANG_WARN_BOOL_CONVERSION = YES;
				CLANG_WARN_COMMA = YES;
				CLANG_WARN_CONSTANT_CONVERSION = YES;
				CLANG_WARN_DEPRECATED_OBJC_IMPLEMENTATIONS = YES;
				CLANG_WARN_DIRECT_OBJC_ISA_USAGE = YES_ERROR;
				CLANG_WARN_DOCUMENTATION_COMMENTS = YES;
				CLANG_WARN_EMPTY_BODY = YES;
				CLANG_WARN_ENUM_CONVERSION = YES;
				CLANG_WARN_INFINITE_RECURSION = YES;
				CLANG_WARN_INT_CONVERSION = YES;
				CLANG_WARN_NON_LITERAL_NULL_CONVERSION = YES;
				CLANG_WARN_OBJC_IMPLICIT_RETAIN_SELF = YES;
				CLANG_WARN_OBJC_LITERAL_CONVERSION = YES;
				CLANG_WARN_OBJC_ROOT_CLASS = YES_ERROR;
				CLANG_WARN_RANGE_LOOP_ANALYSIS = YES;
				CLANG_WARN_STRICT_PROTOTYPES = YES;
				CLANG_WARN_SUSPICIOUS_MOVE = YES;
				CLANG_WARN_UNGUARDED_AVAILABILITY = YES_AGGRESSIVE;
				CLANG_WARN_UNREACHABLE_CODE = YES;
				CLANG_WARN__DUPLICATE_METHOD_MATCH = YES;
				CODE_SIGN_IDENTITY = "iPhone Developer";
				COPY_PHASE_STRIP = NO;
				DEBUG_INFORMATION_FORMAT = "dwarf-with-dsym";
				ENABLE_NS_ASSERTIONS = NO;
				ENABLE_STRICT_OBJC_MSGSEND = YES;
				GCC_C_LANGUAGE_STANDARD = gnu11;
				GCC_NO_COMMON_BLOCKS = YES;
				GCC_WARN_64_TO_32_BIT_CONVERSION = YES;
				GCC_WARN_ABOUT_RETURN_TYPE = YES_ERROR;
				GCC_WARN_UNDECLARED_SELECTOR = YES;
				GCC_WARN_UNINITIALIZED_AUTOS = YES_AGGRESSIVE;
				GCC_WARN_UNUSED_FUNCTION = YES;
				GCC_WARN_UNUSED_VARIABLE = YES;
				IPHONEOS_DEPLOYMENT_TARGET = 12.1;
				MTL_ENABLE_DEBUG_INFO = NO;
				MTL_FAST_MATH = YES;
				SDKROOT = iphoneos;
				VALIDATE_PRODUCT = YES;
			};
			name = Release;
		};
		96049F6E223055D000BF4B0B /* Debug */ = {
			isa = XCBuildConfiguration;
			buildSettings = {
				ASSETCATALOG_COMPILER_APPICON_NAME = AppIcon;
				CODE_SIGN_STYLE = Automatic;
				DEVELOPMENT_TEAM = A2SBKB36F6;
				INFOPLIST_FILE = "asn2-maze/Info.plist";
				IPHONEOS_DEPLOYMENT_TARGET = 8.0;
				LD_RUNPATH_SEARCH_PATHS = (
					"$(inherited)",
					"@executable_path/Frameworks",
				);
				PRODUCT_BUNDLE_IDENTIFIER = "Jason.Sekhon.asn2-maze";
				PRODUCT_NAME = "$(TARGET_NAME)";
				TARGETED_DEVICE_FAMILY = "1,2";
			};
			name = Debug;
		};
		96049F6F223055D000BF4B0B /* Release */ = {
			isa = XCBuildConfiguration;
			buildSettings = {
				ASSETCATALOG_COMPILER_APPICON_NAME = AppIcon;
				CODE_SIGN_STYLE = Automatic;
				DEVELOPMENT_TEAM = A2SBKB36F6;
				INFOPLIST_FILE = "asn2-maze/Info.plist";
				IPHONEOS_DEPLOYMENT_TARGET = 8.0;
				LD_RUNPATH_SEARCH_PATHS = (
					"$(inherited)",
					"@executable_path/Frameworks",
				);
				PRODUCT_BUNDLE_IDENTIFIER = "Jason.Sekhon.asn2-maze";
				PRODUCT_NAME = "$(TARGET_NAME)";
				TARGETED_DEVICE_FAMILY = "1,2";
			};
			name = Release;
		};
/* End XCBuildConfiguration section */

/* Begin XCConfigurationList section */
		96049F52223055C700BF4B0B /* Build configuration list for PBXProject "asn2-maze" */ = {
			isa = XCConfigurationList;
			buildConfigurations = (
				96049F6B223055D000BF4B0B /* Debug */,
				96049F6C223055D000BF4B0B /* Release */,
			);
			defaultConfigurationIsVisible = 0;
			defaultConfigurationName = Release;
		};
		96049F6D223055D000BF4B0B /* Build configuration list for PBXNativeTarget "asn2-maze" */ = {
			isa = XCConfigurationList;
			buildConfigurations = (
				96049F6E223055D000BF4B0B /* Debug */,
				96049F6F223055D000BF4B0B /* Release */,
			);
			defaultConfigurationIsVisible = 0;
			defaultConfigurationName = Release;
		};
/* End XCConfigurationList section */
	};
	rootObject = 96049F4F223055C700BF4B0B /* Project object */;
}
